
Microsoft Visual Studio Solution File, Format Version 12.00
# Visual Studio Version 17
VisualStudioVersion = 17.4.33213.308
MinimumVisualStudioVersion = 10.0.40219.1
Project("{8BC9CEB8-8B4A-11D0-8D11-00A0C91BC942}") = "Functor", "Functor.vcxproj", "{707AE88B-6456-4C16-941E-C488969AB634}"
EndProject
Global
	GlobalSection(SolutionConfigurationPlatforms) = preSolution
		Debug|x64 = Debug|x64
		Debug|x86 = Debug|x86
		Release|x64 = Release|x64
		Release|x86 = Release|x86
	EndGlobalSection
	GlobalSection(ProjectConfigurationPlatforms) = postSolution
		{707AE88B-6456-4C16-941E-C488969AB634}.Debug|x64.ActiveCfg = Debug|x64
		{707AE88B-6456-4C16-941E-C488969AB634}.Debug|x64.Build.0 = Debug|x64
		{707AE88B-6456-4C16-941E-C488969AB634}.Debug|x86.ActiveCfg = Debug|Win32
		{707AE88B-6456-4C16-941E-C488969AB634}.Debug|x86.Build.0 = Debug|Win32
		{707AE88B-6456-4C16-941E-C488969AB634}.Release|x64.ActiveCfg = Release|x64
		{707AE88B-6456-4C16-941E-C488969AB634}.Release|x64.Build.0 = Release|x64
		{707AE88B-6456-4C16-941E-C488969AB634}.Release|x86.ActiveCfg = Release|Win32
		{707AE88B-6456-4C16-941E-C488969AB634}.Release|x86.Build.0 = Release|Win32
	EndGlobalSection
	GlobalSection(SolutionProperties) = preSolution
		HideSolutionNode = FALSE
	EndGlobalSection
	GlobalSection(ExtensibilityGlobals) = postSolution
		SolutionGuid = {D24F9ACE-0C4E-4A8A-AB03-D269AFB04FBC}
	EndGlobalSection
EndGlobal
